// !$*UTF8*$!
{
	archiveVersion = 1;
	classes = {
	};
	objectVersion = 46;
	objects = {

/* Begin PBXBuildFile section */
		2EE3CC221F14CCD0005A20E0 /* main.m in Sources */ = {isa = PBXBuildFile; fileRef = 2EE3CC211F14CCD0005A20E0 /* main.m */; };
		2EE3CC251F14CCD0005A20E0 /* AppDelegate.m in Sources */ = {isa = PBXBuildFile; fileRef = 2EE3CC241F14CCD0005A20E0 /* AppDelegate.m */; };
		2EE3CC281F14CCD0005A20E0 /* ViewController.m in Sources */ = {isa = PBXBuildFile; fileRef = 2EE3CC271F14CCD0005A20E0 /* ViewController.m */; };
		2EE3CC2B1F14CCD0005A20E0 /* Main.storyboard in Resources */ = {isa = PBXBuildFile; fileRef = 2EE3CC291F14CCD0005A20E0 /* Main.storyboard */; };
		2EE3CC2D1F14CCD0005A20E0 /* Assets.xcassets in Resources */ = {isa = PBXBuildFile; fileRef = 2EE3CC2C1F14CCD0005A20E0 /* Assets.xcassets */; };
		2EE3CC301F14CCD0005A20E0 /* LaunchScreen.storyboard in Resources */ = {isa = PBXBuildFile; fileRef = 2EE3CC2E1F14CCD0005A20E0 /* LaunchScreen.storyboard */; };
		2EE3CC3B1F14CCD0005A20E0 /* TableViewAnimationKit_OCTests.m in Sources */ = {isa = PBXBuildFile; fileRef = 2EE3CC3A1F14CCD0005A20E0 /* TableViewAnimationKit_OCTests.m */; };
		2EE3CC461F14CCD0005A20E0 /* TableViewAnimationKit_OCUITests.m in Sources */ = {isa = PBXBuildFile; fileRef = 2EE3CC451F14CCD0005A20E0 /* TableViewAnimationKit_OCUITests.m */; };
		2EE3CC551F14D07B005A20E0 /* BaseTableViewController.m in Sources */ = {isa = PBXBuildFile; fileRef = 2EE3CC541F14D07B005A20E0 /* BaseTableViewController.m */; };
		9257CFEC1F64E84A0018D381 /* TableViewAnimationKit.m in Sources */ = {isa = PBXBuildFile; fileRef = 9257CFE81F64E84A0018D381 /* TableViewAnimationKit.m */; };
		9257CFED1F64E84A0018D381 /* UITableView+XSAnimationKit.m in Sources */ = {isa = PBXBuildFile; fileRef = 9257CFEB1F64E84A0018D381 /* UITableView+XSAnimationKit.m */; };
/* End PBXBuildFile section */

/* Begin PBXContainerItemProxy section */
		2EE3CC371F14CCD0005A20E0 /* PBXContainerItemProxy */ = {
			isa = PBXContainerItemProxy;
			containerPortal = 2EE3CC151F14CCD0005A20E0 /* Project object */;
			proxyType = 1;
			remoteGlobalIDString = 2EE3CC1C1F14CCD0005A20E0;
			remoteInfo = "TableViewAnimationKit-OC";
		};
		2EE3CC421F14CCD0005A20E0 /* PBXContainerItemProxy */ = {
			isa = PBXContainerItemProxy;
			containerPortal = 2EE3CC151F14CCD0005A20E0 /* Project object */;
			proxyType = 1;
			remoteGlobalIDString = 2EE3CC1C1F14CCD0005A20E0;
			remoteInfo = "TableViewAnimationKit-OC";
		};
/* End PBXContainerItemProxy section */

/* Begin PBXFileReference section */
		2EE3CC1D1F14CCD0005A20E0 /* TableViewAnimationKit-OC.app */ = {isa = PBXFileReference; explicitFileType = wrapper.application; includeInIndex = 0; path = "TableViewAnimationKit-OC.app"; sourceTree = BUILT_PRODUCTS_DIR; };
		2EE3CC211F14CCD0005A20E0 /* main.m */ = {isa = PBXFileReference; lastKnownFileType = sourcecode.c.objc; path = main.m; sourceTree = "<group>"; };
		2EE3CC231F14CCD0005A20E0 /* AppDelegate.h */ = {isa = PBXFileReference; lastKnownFileType = sourcecode.c.h; path = AppDelegate.h; sourceTree = "<group>"; };
		2EE3CC241F14CCD0005A20E0 /* AppDelegate.m */ = {isa = PBXFileReference; lastKnownFileType = sourcecode.c.objc; path = AppDelegate.m; sourceTree = "<group>"; };
		2EE3CC261F14CCD0005A20E0 /* ViewController.h */ = {isa = PBXFileReference; lastKnownFileType = sourcecode.c.h; path = ViewController.h; sourceTree = "<group>"; };
		2EE3CC271F14CCD0005A20E0 /* ViewController.m */ = {isa = PBXFileReference; lastKnownFileType = sourcecode.c.objc; path = ViewController.m; sourceTree = "<group>"; };
		2EE3CC2A1F14CCD0005A20E0 /* Base */ = {isa = PBXFileReference; lastKnownFileType = file.storyboard; name = Base; path = Base.lproj/Main.storyboard; sourceTree = "<group>"; };
		2EE3CC2C1F14CCD0005A20E0 /* Assets.xcassets */ = {isa = PBXFileReference; lastKnownFileType = folder.assetcatalog; path = Assets.xcassets; sourceTree = "<group>"; };
		2EE3CC2F1F14CCD0005A20E0 /* Base */ = {isa = PBXFileReference; lastKnownFileType = file.storyboard; name = Base; path = Base.lproj/LaunchScreen.storyboard; sourceTree = "<group>"; };
		2EE3CC311F14CCD0005A20E0 /* Info.plist */ = {isa = PBXFileReference; lastKnownFileType = text.plist.xml; path = Info.plist; sourceTree = "<group>"; };
		2EE3CC361F14CCD0005A20E0 /* TableViewAnimationKit-OCTests.xctest */ = {isa = PBXFileReference; explicitFileType = wrapper.cfbundle; includeInIndex = 0; path = "TableViewAnimationKit-OCTests.xctest"; sourceTree = BUILT_PRODUCTS_DIR; };
		2EE3CC3A1F14CCD0005A20E0 /* TableViewAnimationKit_OCTests.m */ = {isa = PBXFileReference; lastKnownFileType = sourcecode.c.objc; path = TableViewAnimationKit_OCTests.m; sourceTree = "<group>"; };
		2EE3CC3C1F14CCD0005A20E0 /* Info.plist */ = {isa = PBXFileReference; lastKnownFileType = text.plist.xml; path = Info.plist; sourceTree = "<group>"; };
		2EE3CC411F14CCD0005A20E0 /* TableViewAnimationKit-OCUITests.xctest */ = {isa = PBXFileReference; explicitFileType = wrapper.cfbundle; includeInIndex = 0; path = "TableViewAnimationKit-OCUITests.xctest"; sourceTree = BUILT_PRODUCTS_DIR; };
		2EE3CC451F14CCD0005A20E0 /* TableViewAnimationKit_OCUITests.m */ = {isa = PBXFileReference; lastKnownFileType = sourcecode.c.objc; path = TableViewAnimationKit_OCUITests.m; sourceTree = "<group>"; };
		2EE3CC471F14CCD0005A20E0 /* Info.plist */ = {isa = PBXFileReference; lastKnownFileType = text.plist.xml; path = Info.plist; sourceTree = "<group>"; };
		2EE3CC531F14D07B005A20E0 /* BaseTableViewController.h */ = {isa = PBXFileReference; fileEncoding = 4; lastKnownFileType = sourcecode.c.h; path = BaseTableViewController.h; sourceTree = "<group>"; };
		2EE3CC541F14D07B005A20E0 /* BaseTableViewController.m */ = {isa = PBXFileReference; fileEncoding = 4; lastKnownFileType = sourcecode.c.objc; path = BaseTableViewController.m; sourceTree = "<group>"; };
		9257CFE71F64E84A0018D381 /* TableViewAnimationKit.h */ = {isa = PBXFileReference; fileEncoding = 4; lastKnownFileType = sourcecode.c.h; path = TableViewAnimationKit.h; sourceTree = "<group>"; };
		9257CFE81F64E84A0018D381 /* TableViewAnimationKit.m */ = {isa = PBXFileReference; fileEncoding = 4; lastKnownFileType = sourcecode.c.objc; path = TableViewAnimationKit.m; sourceTree = "<group>"; };
		9257CFE91F64E84A0018D381 /* TableViewAnimationKitConfig.h */ = {isa = PBXFileReference; fileEncoding = 4; lastKnownFileType = sourcecode.c.h; path = TableViewAnimationKitConfig.h; sourceTree = "<group>"; };
		9257CFEA1F64E84A0018D381 /* UITableView+XSAnimationKit.h */ = {isa = PBXFileReference; fileEncoding = 4; lastKnownFileType = sourcecode.c.h; path = "UITableView+XSAnimationKit.h"; sourceTree = "<group>"; };
		9257CFEB1F64E84A0018D381 /* UITableView+XSAnimationKit.m */ = {isa = PBXFileReference; fileEncoding = 4; lastKnownFileType = sourcecode.c.objc; path = "UITableView+XSAnimationKit.m"; sourceTree = "<group>"; };
		9257CFEE1F64E90A0018D381 /* TableViewAnimationKitHeaders.h */ = {isa = PBXFileReference; lastKnownFileType = sourcecode.c.h; path = TableViewAnimationKitHeaders.h; sourceTree = "<group>"; };
/* End PBXFileReference section */

/* Begin PBXFrameworksBuildPhase section */
		2EE3CC1A1F14CCD0005A20E0 /* Frameworks */ = {
			isa = PBXFrameworksBuildPhase;
			buildActionMask = 2147483647;
			files = (
			);
			runOnlyForDeploymentPostprocessing = 0;
		};
		2EE3CC331F14CCD0005A20E0 /* Frameworks */ = {
			isa = PBXFrameworksBuildPhase;
			buildActionMask = 2147483647;
			files = (
			);
			runOnlyForDeploymentPostprocessing = 0;
		};
		2EE3CC3E1F14CCD0005A20E0 /* Frameworks */ = {
			isa = PBXFrameworksBuildPhase;
			buildActionMask = 2147483647;
			files = (
			);
			runOnlyForDeploymentPostprocessing = 0;
		};
/* End PBXFrameworksBuildPhase section */

/* Begin PBXGroup section */
		2EE3CC141F14CCD0005A20E0 = {
			isa = PBXGroup;
			children = (
				2EE3CC1F1F14CCD0005A20E0 /* TableViewAnimationKit-OC */,
				2EE3CC391F14CCD0005A20E0 /* TableViewAnimationKit-OCTests */,
				2EE3CC441F14CCD0005A20E0 /* TableViewAnimationKit-OCUITests */,
				2EE3CC1E1F14CCD0005A20E0 /* Products */,
			);
			sourceTree = "<group>";
		};
		2EE3CC1E1F14CCD0005A20E0 /* Products */ = {
			isa = PBXGroup;
			children = (
				2EE3CC1D1F14CCD0005A20E0 /* TableViewAnimationKit-OC.app */,
				2EE3CC361F14CCD0005A20E0 /* TableViewAnimationKit-OCTests.xctest */,
				2EE3CC411F14CCD0005A20E0 /* TableViewAnimationKit-OCUITests.xctest */,
			);
			name = Products;
			sourceTree = "<group>";
		};
		2EE3CC1F1F14CCD0005A20E0 /* TableViewAnimationKit-OC */ = {
			isa = PBXGroup;
			children = (
				2EE3CC231F14CCD0005A20E0 /* AppDelegate.h */,
				2EE3CC241F14CCD0005A20E0 /* AppDelegate.m */,
				2EE3CC261F14CCD0005A20E0 /* ViewController.h */,
				2EE3CC271F14CCD0005A20E0 /* ViewController.m */,
				2EE3CC531F14D07B005A20E0 /* BaseTableViewController.h */,
				2EE3CC541F14D07B005A20E0 /* BaseTableViewController.m */,
				9257CFE61F64E84A0018D381 /* TableViewAnimationKit */,
				2EE3CC291F14CCD0005A20E0 /* Main.storyboard */,
				2EE3CC2C1F14CCD0005A20E0 /* Assets.xcassets */,
				2EE3CC2E1F14CCD0005A20E0 /* LaunchScreen.storyboard */,
				2EE3CC311F14CCD0005A20E0 /* Info.plist */,
				2EE3CC201F14CCD0005A20E0 /* Supporting Files */,
			);
			path = "TableViewAnimationKit-OC";
			sourceTree = "<group>";
		};
		2EE3CC201F14CCD0005A20E0 /* Supporting Files */ = {
			isa = PBXGroup;
			children = (
				2EE3CC211F14CCD0005A20E0 /* main.m */,
			);
			name = "Supporting Files";
			sourceTree = "<group>";
		};
		2EE3CC391F14CCD0005A20E0 /* TableViewAnimationKit-OCTests */ = {
			isa = PBXGroup;
			children = (
				2EE3CC3A1F14CCD0005A20E0 /* TableViewAnimationKit_OCTests.m */,
				2EE3CC3C1F14CCD0005A20E0 /* Info.plist */,
			);
			path = "TableViewAnimationKit-OCTests";
			sourceTree = "<group>";
		};
		2EE3CC441F14CCD0005A20E0 /* TableViewAnimationKit-OCUITests */ = {
			isa = PBXGroup;
			children = (
				2EE3CC451F14CCD0005A20E0 /* TableViewAnimationKit_OCUITests.m */,
				2EE3CC471F14CCD0005A20E0 /* Info.plist */,
			);
			path = "TableViewAnimationKit-OCUITests";
			sourceTree = "<group>";
		};
		9257CFE61F64E84A0018D381 /* TableViewAnimationKit */ = {
			isa = PBXGroup;
			children = (
				9257CFEE1F64E90A0018D381 /* TableViewAnimationKitHeaders.h */,
				9257CFE71F64E84A0018D381 /* TableViewAnimationKit.h */,
				9257CFE81F64E84A0018D381 /* TableViewAnimationKit.m */,
				9257CFEA1F64E84A0018D381 /* UITableView+XSAnimationKit.h */,
				9257CFEB1F64E84A0018D381 /* UITableView+XSAnimationKit.m */,
				9257CFE91F64E84A0018D381 /* TableViewAnimationKitConfig.h */,
			);
			path = TableViewAnimationKit;
			sourceTree = "<group>";
		};
/* End PBXGroup section */

/* Begin PBXNativeTarget section */
		2EE3CC1C1F14CCD0005A20E0 /* TableViewAnimationKit-OC */ = {
			isa = PBXNativeTarget;
			buildConfigurationList = 2EE3CC4A1F14CCD0005A20E0 /* Build configuration list for PBXNativeTarget "TableViewAnimationKit-OC" */;
			buildPhases = (
				2EE3CC191F14CCD0005A20E0 /* Sources */,
				2EE3CC1A1F14CCD0005A20E0 /* Frameworks */,
				2EE3CC1B1F14CCD0005A20E0 /* Resources */,
				2EC2334B1F68DA2C00B9E1D5 /* ShellScript */,
			);
			buildRules = (
			);
			dependencies = (
			);
			name = "TableViewAnimationKit-OC";
			productName = "TableViewAnimationKit-OC";
			productReference = 2EE3CC1D1F14CCD0005A20E0 /* TableViewAnimationKit-OC.app */;
			productType = "com.apple.product-type.application";
		};
		2EE3CC351F14CCD0005A20E0 /* TableViewAnimationKit-OCTests */ = {
			isa = PBXNativeTarget;
			buildConfigurationList = 2EE3CC4D1F14CCD0005A20E0 /* Build configuration list for PBXNativeTarget "TableViewAnimationKit-OCTests" */;
			buildPhases = (
				2EE3CC321F14CCD0005A20E0 /* Sources */,
				2EE3CC331F14CCD0005A20E0 /* Frameworks */,
				2EE3CC341F14CCD0005A20E0 /* Resources */,
			);
			buildRules = (
			);
			dependencies = (
				2EE3CC381F14CCD0005A20E0 /* PBXTargetDependency */,
			);
			name = "TableViewAnimationKit-OCTests";
			productName = "TableViewAnimationKit-OCTests";
			productReference = 2EE3CC361F14CCD0005A20E0 /* TableViewAnimationKit-OCTests.xctest */;
			productType = "com.apple.product-type.bundle.unit-test";
		};
		2EE3CC401F14CCD0005A20E0 /* TableViewAnimationKit-OCUITests */ = {
			isa = PBXNativeTarget;
			buildConfigurationList = 2EE3CC501F14CCD0005A20E0 /* Build configuration list for PBXNativeTarget "TableViewAnimationKit-OCUITests" */;
			buildPhases = (
				2EE3CC3D1F14CCD0005A20E0 /* Sources */,
				2EE3CC3E1F14CCD0005A20E0 /* Frameworks */,
				2EE3CC3F1F14CCD0005A20E0 /* Resources */,
			);
			buildRules = (
			);
			dependencies = (
				2EE3CC431F14CCD0005A20E0 /* PBXTargetDependency */,
			);
			name = "TableViewAnimationKit-OCUITests";
			productName = "TableViewAnimationKit-OCUITests";
			productReference = 2EE3CC411F14CCD0005A20E0 /* TableViewAnimationKit-OCUITests.xctest */;
			productType = "com.apple.product-type.bundle.ui-testing";
		};
/* End PBXNativeTarget section */

/* Begin PBXProject section */
		2EE3CC151F14CCD0005A20E0 /* Project object */ = {
			isa = PBXProject;
			attributes = {
				LastUpgradeCheck = 0830;
				ORGANIZATIONNAME = com.cn.fql;
				TargetAttributes = {
					2EE3CC1C1F14CCD0005A20E0 = {
						CreatedOnToolsVersion = 8.3.3;
						DevelopmentTeam = NUJ39R3X5E;
						ProvisioningStyle = Manual;
					};
					2EE3CC351F14CCD0005A20E0 = {
						CreatedOnToolsVersion = 8.3.3;
						ProvisioningStyle = Automatic;
						TestTargetID = 2EE3CC1C1F14CCD0005A20E0;
					};
					2EE3CC401F14CCD0005A20E0 = {
						CreatedOnToolsVersion = 8.3.3;
						ProvisioningStyle = Automatic;
						TestTargetID = 2EE3CC1C1F14CCD0005A20E0;
					};
				};
			};
			buildConfigurationList = 2EE3CC181F14CCD0005A20E0 /* Build configuration list for PBXProject "TableViewAnimationKit-OC" */;
			compatibilityVersion = "Xcode 3.2";
			developmentRegion = English;
			hasScannedForEncodings = 0;
			knownRegions = (
				en,
				Base,
			);
			mainGroup = 2EE3CC141F14CCD0005A20E0;
			productRefGroup = 2EE3CC1E1F14CCD0005A20E0 /* Products */;
			projectDirPath = "";
			projectRoot = "";
			targets = (
				2EE3CC1C1F14CCD0005A20E0 /* TableViewAnimationKit-OC */,
				2EE3CC351F14CCD0005A20E0 /* TableViewAnimationKit-OCTests */,
				2EE3CC401F14CCD0005A20E0 /* TableViewAnimationKit-OCUITests */,
			);
		};
/* End PBXProject section */

/* Begin PBXResourcesBuildPhase section */
		2EE3CC1B1F14CCD0005A20E0 /* Resources */ = {
			isa = PBXResourcesBuildPhase;
			buildActionMask = 2147483647;
			files = (
				2EE3CC301F14CCD0005A20E0 /* LaunchScreen.storyboard in Resources */,
				2EE3CC2D1F14CCD0005A20E0 /* Assets.xcassets in Resources */,
				2EE3CC2B1F14CCD0005A20E0 /* Main.storyboard in Resources */,
			);
			runOnlyForDeploymentPostprocessing = 0;
		};
		2EE3CC341F14CCD0005A20E0 /* Resources */ = {
			isa = PBXResourcesBuildPhase;
			buildActionMask = 2147483647;
			files = (
			);
			runOnlyForDeploymentPostprocessing = 0;
		};
		2EE3CC3F1F14CCD0005A20E0 /* Resources */ = {
			isa = PBXResourcesBuildPhase;
			buildActionMask = 2147483647;
			files = (
			);
			runOnlyForDeploymentPostprocessing = 0;
		};
/* End PBXResourcesBuildPhase section */

/* Begin PBXShellScriptBuildPhase section */
		2EC2334B1F68DA2C00B9E1D5 /* ShellScript */ = {
			isa = PBXShellScriptBuildPhase;
			buildActionMask = 2147483647;
			files = (
			);
			inputPaths = (
			);
			outputPaths = (
			);
			runOnlyForDeploymentPostprocessing = 0;
			shellPath = /bin/sh;
			shellScript = "";
		};
/* End PBXShellScriptBuildPhase section */

/* Begin PBXSourcesBuildPhase section */
		2EE3CC191F14CCD0005A20E0 /* Sources */ = {
			isa = PBXSourcesBuildPhase;
			buildActionMask = 2147483647;
			files = (
				9257CFED1F64E84A0018D381 /* UITableView+XSAnimationKit.m in Sources */,
				2EE3CC281F14CCD0005A20E0 /* ViewController.m in Sources */,
				2EE3CC251F14CCD0005A20E0 /* AppDelegate.m in Sources */,
				2EE3CC551F14D07B005A20E0 /* BaseTableViewController.m in Sources */,
				9257CFEC1F64E84A0018D381 /* TableViewAnimationKit.m in Sources */,
				2EE3CC221F14CCD0005A20E0 /* main.m in Sources */,
			);
			runOnlyForDeploymentPostprocessing = 0;
		};
		2EE3CC321F14CCD0005A20E0 /* Sources */ = {
			isa = PBXSourcesBuildPhase;
			buildActionMask = 2147483647;
			files = (
				2EE3CC3B1F14CCD0005A20E0 /* TableViewAnimationKit_OCTests.m in Sources */,
			);
			runOnlyForDeploymentPostprocessing = 0;
		};
		2EE3CC3D1F14CCD0005A20E0 /* Sources */ = {
			isa = PBXSourcesBuildPhase;
			buildActionMask = 2147483647;
			files = (
				2EE3CC461F14CCD0005A20E0 /* TableViewAnimationKit_OCUITests.m in Sources */,
			);
			runOnlyForDeploymentPostprocessing = 0;
		};
/* End PBXSourcesBuildPhase section */

/* Begin PBXTargetDependency section */
		2EE3CC381F14CCD0005A20E0 /* PBXTargetDependency */ = {
			isa = PBXTargetDependency;
			target = 2EE3CC1C1F14CCD0005A20E0 /* TableViewAnimationKit-OC */;
			targetProxy = 2EE3CC371F14CCD0005A20E0 /* PBXContainerItemProxy */;
		};
		2EE3CC431F14CCD0005A20E0 /* PBXTargetDependency */ = {
			isa = PBXTargetDependency;
			target = 2EE3CC1C1F14CCD0005A20E0 /* TableViewAnimationKit-OC */;
			targetProxy = 2EE3CC421F14CCD0005A20E0 /* PBXContainerItemProxy */;
		};
/* End PBXTargetDependency section */

/* Begin PBXVariantGroup section */
		2EE3CC291F14CCD0005A20E0 /* Main.storyboard */ = {
			isa = PBXVariantGroup;
			children = (
				2EE3CC2A1F14CCD0005A20E0 /* Base */,
			);
			name = Main.storyboard;
			sourceTree = "<group>";
		};
		2EE3CC2E1F14CCD0005A20E0 /* LaunchScreen.storyboard */ = {
			isa = PBXVariantGroup;
			children = (
				2EE3CC2F1F14CCD0005A20E0 /* Base */,
			);
			name = LaunchScreen.storyboard;
			sourceTree = "<group>";
		};
/* End PBXVariantGroup section */

/* Begin XCBuildConfiguration section */
		2EE3CC481F14CCD0005A20E0 /* Debug */ = {
			isa = XCBuildConfiguration;
			buildSettings = {
				ALWAYS_SEARCH_USER_PATHS = NO;
				CLANG_ANALYZER_NONNULL = YES;
				CLANG_ANALYZER_NUMBER_OBJECT_CONVERSION = YES_AGGRESSIVE;
				CLANG_CXX_LANGUAGE_STANDARD = "gnu++0x";
				CLANG_CXX_LIBRARY = "libc++";
				CLANG_ENABLE_MODULES = YES;
				CLANG_ENABLE_OBJC_ARC = YES;
				CLANG_WARN_BOOL_CONVERSION = YES;
				CLANG_WARN_CONSTANT_CONVERSION = YES;
				CLANG_WARN_DIRECT_OBJC_ISA_USAGE = YES_ERROR;
				CLANG_WARN_DOCUMENTATION_COMMENTS = YES;
				CLANG_WARN_EMPTY_BODY = YES;
				CLANG_WARN_ENUM_CONVERSION = YES;
				CLANG_WARN_INFINITE_RECURSION = YES;
				CLANG_WARN_INT_CONVERSION = YES;
				CLANG_WARN_OBJC_ROOT_CLASS = YES_ERROR;
				CLANG_WARN_SUSPICIOUS_MOVE = YES;
				CLANG_WARN_UNREACHABLE_CODE = YES;
				CLANG_WARN__DUPLICATE_METHOD_MATCH = YES;
				"CODE_SIGN_IDENTITY[sdk=iphoneos*]" = "iPhone Developer";
				COPY_PHASE_STRIP = NO;
				DEBUG_INFORMATION_FORMAT = dwarf;
				ENABLE_STRICT_OBJC_MSGSEND = YES;
				ENABLE_TESTABILITY = YES;
				GCC_C_LANGUAGE_STANDARD = gnu99;
				GCC_DYNAMIC_NO_PIC = NO;
				GCC_NO_COMMON_BLOCKS = YES;
				GCC_OPTIMIZATION_LEVEL = 0;
				GCC_PREPROCESSOR_DEFINITIONS = (
					"DEBUG=1",
					"$(inherited)",
				);
				GCC_WARN_64_TO_32_BIT_CONVERSION = YES;
				GCC_WARN_ABOUT_RETURN_TYPE = YES_ERROR;
				GCC_WARN_UNDECLARED_SELECTOR = YES;
				GCC_WARN_UNINITIALIZED_AUTOS = YES_AGGRESSIVE;
				GCC_WARN_UNUSED_FUNCTION = YES;
				GCC_WARN_UNUSED_VARIABLE = YES;
				IPHONEOS_DEPLOYMENT_TARGET = 10.3;
				MTL_ENABLE_DEBUG_INFO = YES;
				ONLY_ACTIVE_ARCH = YES;
				SDKROOT = iphoneos;
			};
			name = Debug;
		};
		2EE3CC491F14CCD0005A20E0 /* Release */ = {
			isa = XCBuildConfiguration;
			buildSettings = {
				ALWAYS_SEARCH_USER_PATHS = NO;
				CLANG_ANALYZER_NONNULL = YES;
				CLANG_ANALYZER_NUMBER_OBJECT_CONVERSION = YES_AGGRESSIVE;
				CLANG_CXX_LANGUAGE_STANDARD = "gnu++0x";
				CLANG_CXX_LIBRARY = "libc++";
				CLANG_ENABLE_MODULES = YES;
				CLANG_ENABLE_OBJC_ARC = YES;
				CLANG_WARN_BOOL_CONVERSION = YES;
				CLANG_WARN_CONSTANT_CONVERSION = YES;
				CLANG_WARN_DIRECT_OBJC_ISA_USAGE = YES_ERROR;
				CLANG_WARN_DOCUMENTATION_COMMENTS = YES;
				CLANG_WARN_EMPTY_BODY = YES;
				CLANG_WARN_ENUM_CONVERSION = YES;
				CLANG_WARN_INFINITE_RECURSION = YES;
				CLANG_WARN_INT_CONVERSION = YES;
				CLANG_WARN_OBJC_ROOT_CLASS = YES_ERROR;
				CLANG_WARN_SUSPICIOUS_MOVE = YES;
				CLANG_WARN_UNREACHABLE_CODE = YES;
				CLANG_WARN__DUPLICATE_METHOD_MATCH = YES;
				"CODE_SIGN_IDENTITY[sdk=iphoneos*]" = "iPhone Developer";
				COPY_PHASE_STRIP = NO;
				DEBUG_INFORMATION_FORMAT = "dwarf-with-dsym";
				ENABLE_NS_ASSERTIONS = NO;
				ENABLE_STRICT_OBJC_MSGSEND = YES;
				GCC_C_LANGUAGE_STANDARD = gnu99;
				GCC_NO_COMMON_BLOCKS = YES;
				GCC_WARN_64_TO_32_BIT_CONVERSION = YES;
				GCC_WARN_ABOUT_RETURN_TYPE = YES_ERROR;
				GCC_WARN_UNDECLARED_SELECTOR = YES;
				GCC_WARN_UNINITIALIZED_AUTOS = YES_AGGRESSIVE;
				GCC_WARN_UNUSED_FUNCTION = YES;
				GCC_WARN_UNUSED_VARIABLE = YES;
				IPHONEOS_DEPLOYMENT_TARGET = 10.3;
				MTL_ENABLE_DEBUG_INFO = NO;
				SDKROOT = iphoneos;
				VALIDATE_PRODUCT = YES;
			};
			name = Release;
		};
		2EE3CC4B1F14CCD0005A20E0 /* Debug */ = {
			isa = XCBuildConfiguration;
			buildSettings = {
				ASSETCATALOG_COMPILER_APPICON_NAME = AppIcon;
				"CODE_SIGN_IDENTITY[sdk=iphoneos*]" = "iPhone Distribution";
				DEVELOPMENT_TEAM = NUJ39R3X5E;
				INFOPLIST_FILE = "TableViewAnimationKit-OC/Info.plist";
				IPHONEOS_DEPLOYMENT_TARGET = 8.0;
				LD_RUNPATH_SEARCH_PATHS = "$(inherited) @executable_path/Frameworks";
				PRODUCT_BUNDLE_IDENTIFIER = "com.cn.tql.TableViewAnimationKit-OC";
				PRODUCT_NAME = "$(TARGET_NAME)";
				PROVISIONING_PROFILE = "30d565c7-f97b-4bfa-8793-27b6f3e61ed7";
				PROVISIONING_PROFILE_SPECIFIER = "XC Ad Hoc: *";
			};
			name = Debug;
		};
		2EE3CC4C1F14CCD0005A20E0 /* Release */ = {
			isa = XCBuildConfiguration;
			buildSettings = {
				ASSETCATALOG_COMPILER_APPICON_NAME = AppIcon;
				"CODE_SIGN_IDENTITY[sdk=iphoneos*]" = "iPhone Distribution";
				DEVELOPMENT_TEAM = NUJ39R3X5E;
				INFOPLIST_FILE = "TableViewAnimationKit-OC/Info.plist";
				IPHONEOS_DEPLOYMENT_TARGET = 8.0;
				LD_RUNPATH_SEARCH_PATHS = "$(inherited) @executable_path/Frameworks";
				PRODUCT_BUNDLE_IDENTIFIER = "com.cn.tql.TableViewAnimationKit-OC";
				PRODUCT_NAME = "$(TARGET_NAME)";
				PROVISIONING_PROFILE = "30d565c7-f97b-4bfa-8793-27b6f3e61ed7";
				PROVISIONING_PROFILE_SPECIFIER = "XC Ad Hoc: *";
			};
			name = Release;
		};
		2EE3CC4E1F14CCD0005A20E0 /* Debug */ = {
			isa = XCBuildConfiguration;
			buildSettings = {
				BUNDLE_LOADER = "$(TEST_HOST)";
				INFOPLIST_FILE = "TableViewAnimationKit-OCTests/Info.plist";
				LD_RUNPATH_SEARCH_PATHS = "$(inherited) @executable_path/Frameworks @loader_path/Frameworks";
				PRODUCT_BUNDLE_IDENTIFIER = "com.cn.tql.TableViewAnimationKit-OCTests";
				PRODUCT_NAME = "$(TARGET_NAME)";
				TEST_HOST = "$(BUILT_PRODUCTS_DIR)/TableViewAnimationKit-OC.app/TableViewAnimationKit-OC";
			};
			name = Debug;
		};
		2EE3CC4F1F14CCD0005A20E0 /* Release */ = {
			isa = XCBuildConfiguration;
			buildSettings = {
				BUNDLE_LOADER = "$(TEST_HOST)";
				INFOPLIST_FILE = "TableViewAnimationKit-OCTests/Info.plist";
				LD_RUNPATH_SEARCH_PATHS = "$(inherited) @executable_path/Frameworks @loader_path/Frameworks";
				PRODUCT_BUNDLE_IDENTIFIER = "com.cn.tql.TableViewAnimationKit-OCTests";
				PRODUCT_NAME = "$(TARGET_NAME)";
				TEST_HOST = "$(BUILT_PRODUCTS_DIR)/TableViewAnimationKit-OC.app/TableViewAnimationKit-OC";
			};
			name = Release;
		};
		2EE3CC511F14CCD0005A20E0 /* Debug */ = {
			isa = XCBuildConfiguration;
			buildSettings = {
				INFOPLIST_FILE = "TableViewAnimationKit-OCUITests/Info.plist";
				LD_RUNPATH_SEARCH_PATHS = "$(inherited) @executable_path/Frameworks @loader_path/Frameworks";
				PRODUCT_BUNDLE_IDENTIFIER = "com.cn.tql.TableViewAnimationKit-OCUITests";
				PRODUCT_NAME = "$(TARGET_NAME)";
				TEST_TARGET_NAME = "TableViewAnimationKit-OC";
			};
			name = Debug;
		};
		2EE3CC521F14CCD0005A20E0 /* Release */ = {
			isa = XCBuildConfiguration;
			buildSettings = {
				INFOPLIST_FILE = "TableViewAnimationKit-OCUITests/Info.plist";
				LD_RUNPATH_SEARCH_PATHS = "$(inherited) @executable_path/Frameworks @loader_path/Frameworks";
				PRODUCT_BUNDLE_IDENTIFIER = "com.cn.tql.TableViewAnimationKit-OCUITests";
				PRODUCT_NAME = "$(TARGET_NAME)";
				TEST_TARGET_NAME = "TableViewAnimationKit-OC";
			};
			name = Release;
		};
/* End XCBuildConfiguration section */

/* Begin XCConfigurationList section */
		2EE3CC181F14CCD0005A20E0 /* Build configuration list for PBXProject "TableViewAnimationKit-OC" */ = {
			isa = XCConfigurationList;
			buildConfigurations = (
				2EE3CC481F14CCD0005A20E0 /* Debug */,
				2EE3CC491F14CCD0005A20E0 /* Release */,
			);
			defaultConfigurationIsVisible = 0;
			defaultConfigurationName = Release;
		};
		2EE3CC4A1F14CCD0005A20E0 /* Build configuration list for PBXNativeTarget "TableViewAnimationKit-OC" */ = {
			isa = XCConfigurationList;
			buildConfigurations = (
				2EE3CC4B1F14CCD0005A20E0 /* Debug */,
				2EE3CC4C1F14CCD0005A20E0 /* Release */,
			);
			defaultConfigurationIsVisible = 0;
			defaultConfigurationName = Release;
		};
		2EE3CC4D1F14CCD0005A20E0 /* Build configuration list for PBXNativeTarget "TableViewAnimationKit-OCTests" */ = {
			isa = XCConfigurationList;
			buildConfigurations = (
				2EE3CC4E1F14CCD0005A20E0 /* Debug */,
				2EE3CC4F1F14CCD0005A20E0 /* Release */,
			);
			defaultConfigurationIsVisible = 0;
			defaultConfigurationName = Release;
		};
		2EE3CC501F14CCD0005A20E0 /* Build configuration list for PBXNativeTarget "TableViewAnimationKit-OCUITests" */ = {
			isa = XCConfigurationList;
			buildConfigurations = (
				2EE3CC511F14CCD0005A20E0 /* Debug */,
				2EE3CC521F14CCD0005A20E0 /* Release */,
			);
			defaultConfigurationIsVisible = 0;
			defaultConfigurationName = Release;
		};
/* End XCConfigurationList section */
	};
	rootObject = 2EE3CC151F14CCD0005A20E0 /* Project object */;
}
